// !$*UTF8*$!
{
	archiveVersion = 1;
	classes = {
	};
	objectVersion = 46;
	objects = {

/* Begin PBXBuildFile section */
		16804E711B6EAB7D00301930 /* PFHSlugID.h in CopyFiles */ = {isa = PBXBuildFile; fileRef = 16804E701B6EAB7D00301930 /* PFHSlugID.h */; };
		16804E731B6EAB7D00301930 /* PFHSlugID.m in Sources */ = {isa = PBXBuildFile; fileRef = 16804E721B6EAB7D00301930 /* PFHSlugID.m */; };
		16804E791B6EAB7D00301930 /* libPFHSlugID.a in Frameworks */ = {isa = PBXBuildFile; fileRef = 16804E6D1B6EAB7D00301930 /* libPFHSlugID.a */; };
		16804E8D1B6EB32300301930 /* PFHSlugIDTests.m in Sources */ = {isa = PBXBuildFile; fileRef = 16804E8C1B6EB32300301930 /* PFHSlugIDTests.m */; };
/* End PBXBuildFile section */

/* Begin PBXContainerItemProxy section */
		16804E7A1B6EAB7D00301930 /* PBXContainerItemProxy */ = {
			isa = PBXContainerItemProxy;
			containerPortal = 16804E651B6EAB7D00301930 /* Project object */;
			proxyType = 1;
			remoteGlobalIDString = 16804E6C1B6EAB7D00301930;
			remoteInfo = PFHSlugID;
		};
/* End PBXContainerItemProxy section */

/* Begin PBXCopyFilesBuildPhase section */
		16804E6B1B6EAB7D00301930 /* CopyFiles */ = {
			isa = PBXCopyFilesBuildPhase;
			buildActionMask = 2147483647;
			dstPath = "include/$(PRODUCT_NAME)";
			dstSubfolderSpec = 16;
			files = (
				16804E711B6EAB7D00301930 /* PFHSlugID.h in CopyFiles */,
			);
			runOnlyForDeploymentPostprocessing = 0;
		};
/* End PBXCopyFilesBuildPhase section */

/* Begin PBXFileReference section */
		16804E6D1B6EAB7D00301930 /* libPFHSlugID.a */ = {isa = PBXFileReference; explicitFileType = archive.ar; includeInIndex = 0; path = libPFHSlugID.a; sourceTree = BUILT_PRODUCTS_DIR; };
		16804E701B6EAB7D00301930 /* PFHSlugID.h */ = {isa = PBXFileReference; lastKnownFileType = sourcecode.c.h; path = PFHSlugID.h; sourceTree = "<group>"; };
		16804E721B6EAB7D00301930 /* PFHSlugID.m */ = {isa = PBXFileReference; lastKnownFileType = sourcecode.c.objc; path = PFHSlugID.m; sourceTree = "<group>"; };
		16804E781B6EAB7D00301930 /* PFHSlugIDTests.xctest */ = {isa = PBXFileReference; explicitFileType = wrapper.cfbundle; includeInIndex = 0; path = PFHSlugIDTests.xctest; sourceTree = BUILT_PRODUCTS_DIR; };
		16804E7E1B6EAB7D00301930 /* Info.plist */ = {isa = PBXFileReference; lastKnownFileType = text.plist.xml; path = Info.plist; sourceTree = "<group>"; };
		16804E8C1B6EB32300301930 /* PFHSlugIDTests.m */ = {isa = PBXFileReference; fileEncoding = 4; lastKnownFileType = sourcecode.c.objc; path = PFHSlugIDTests.m; sourceTree = "<group>"; };
/* End PBXFileReference section */

/* Begin PBXFrameworksBuildPhase section */
		16804E6A1B6EAB7D00301930 /* Frameworks */ = {
			isa = PBXFrameworksBuildPhase;
			buildActionMask = 2147483647;
			files = (
			);
			runOnlyForDeploymentPostprocessing = 0;
		};
		16804E751B6EAB7D00301930 /* Frameworks */ = {
			isa = PBXFrameworksBuildPhase;
			buildActionMask = 2147483647;
			files = (
				16804E791B6EAB7D00301930 /* libPFHSlugID.a in Frameworks */,
			);
			runOnlyForDeploymentPostprocessing = 0;
		};
/* End PBXFrameworksBuildPhase section */

/* Begin PBXGroup section */
		16804E641B6EAB7D00301930 = {
			isa = PBXGroup;
			children = (
				16804E6F1B6EAB7D00301930 /* PFHSlugID */,
				16804E7C1B6EAB7D00301930 /* PFHSlugIDTests */,
				16804E6E1B6EAB7D00301930 /* Products */,
			);
			sourceTree = "<group>";
		};
		16804E6E1B6EAB7D00301930 /* Products */ = {
			isa = PBXGroup;
			children = (
				16804E6D1B6EAB7D00301930 /* libPFHSlugID.a */,
				16804E781B6EAB7D00301930 /* PFHSlugIDTests.xctest */,
			);
			name = Products;
			sourceTree = "<group>";
		};
		16804E6F1B6EAB7D00301930 /* PFHSlugID */ = {
			isa = PBXGroup;
			children = (
				16804E701B6EAB7D00301930 /* PFHSlugID.h */,
				16804E721B6EAB7D00301930 /* PFHSlugID.m */,
			);
			path = PFHSlugID;
			sourceTree = "<group>";
		};
		16804E7C1B6EAB7D00301930 /* PFHSlugIDTests */ = {
			isa = PBXGroup;
			children = (
				16804E8C1B6EB32300301930 /* PFHSlugIDTests.m */,
				16804E7D1B6EAB7D00301930 /* Supporting Files */,
			);
			path = PFHSlugIDTests;
			sourceTree = "<group>";
		};
		16804E7D1B6EAB7D00301930 /* Supporting Files */ = {
			isa = PBXGroup;
			children = (
				16804E7E1B6EAB7D00301930 /* Info.plist */,
			);
			name = "Supporting Files";
			sourceTree = "<group>";
		};
/* End PBXGroup section */

/* Begin PBXNativeTarget section */
		16804E6C1B6EAB7D00301930 /* PFHSlugID */ = {
			isa = PBXNativeTarget;
			buildConfigurationList = 16804E811B6EAB7D00301930 /* Build configuration list for PBXNativeTarget "PFHSlugID" */;
			buildPhases = (
				16804E691B6EAB7D00301930 /* Sources */,
				16804E6A1B6EAB7D00301930 /* Frameworks */,
				16804E6B1B6EAB7D00301930 /* CopyFiles */,
			);
			buildRules = (
			);
			dependencies = (
			);
			name = PFHSlugID;
			productName = PFHSlugID;
			productReference = 16804E6D1B6EAB7D00301930 /* libPFHSlugID.a */;
			productType = "com.apple.product-type.library.static";
		};
		16804E771B6EAB7D00301930 /* PFHSlugIDTests */ = {
			isa = PBXNativeTarget;
			buildConfigurationList = 16804E841B6EAB7D00301930 /* Build configuration list for PBXNativeTarget "PFHSlugIDTests" */;
			buildPhases = (
				16804E741B6EAB7D00301930 /* Sources */,
				16804E751B6EAB7D00301930 /* Frameworks */,
				16804E761B6EAB7D00301930 /* Resources */,
			);
			buildRules = (
			);
			dependencies = (
				16804E7B1B6EAB7D00301930 /* PBXTargetDependency */,
			);
			name = PFHSlugIDTests;
			productName = PFHSlugIDTests;
			productReference = 16804E781B6EAB7D00301930 /* PFHSlugIDTests.xctest */;
			productType = "com.apple.product-type.bundle.unit-test";
		};
/* End PBXNativeTarget section */

/* Begin PBXProject section */
		16804E651B6EAB7D00301930 /* Project object */ = {
			isa = PBXProject;
			attributes = {
				LastUpgradeCheck = 0640;
				ORGANIZATIONNAME = "Fangchen Huang";
				TargetAttributes = {
					16804E6C1B6EAB7D00301930 = {
						CreatedOnToolsVersion = 6.4;
					};
					16804E771B6EAB7D00301930 = {
						CreatedOnToolsVersion = 6.4;
					};
				};
			};
			buildConfigurationList = 16804E681B6EAB7D00301930 /* Build configuration list for PBXProject "PFHSlugID" */;
			compatibilityVersion = "Xcode 3.2";
			developmentRegion = English;
			hasScannedForEncodings = 0;
			knownRegions = (
				en,
			);
			mainGroup = 16804E641B6EAB7D00301930;
			productRefGroup = 16804E6E1B6EAB7D00301930 /* Products */;
			projectDirPath = "";
			projectRoot = "";
			targets = (
				16804E6C1B6EAB7D00301930 /* PFHSlugID */,
				16804E771B6EAB7D00301930 /* PFHSlugIDTests */,
			);
		};
/* End PBXProject section */

/* Begin PBXResourcesBuildPhase section */
		16804E761B6EAB7D00301930 /* Resources */ = {
			isa = PBXResourcesBuildPhase;
			buildActionMask = 2147483647;
			files = (
			);
			runOnlyForDeploymentPostprocessing = 0;
		};
/* End PBXResourcesBuildPhase section */

/* Begin PBXSourcesBuildPhase section */
		16804E691B6EAB7D00301930 /* Sources */ = {
			isa = PBXSourcesBuildPhase;
			buildActionMask = 2147483647;
			files = (
				16804E731B6EAB7D00301930 /* PFHSlugID.m in Sources */,
			);
			runOnlyForDeploymentPostprocessing = 0;
		};
		16804E741B6EAB7D00301930 /* Sources */ = {
			isa = PBXSourcesBuildPhase;
			buildActionMask = 2147483647;
			files = (
				16804E8D1B6EB32300301930 /* PFHSlugIDTests.m in Sources */,
			);
			runOnlyForDeploymentPostprocessing = 0;
		};
/* End PBXSourcesBuildPhase section */

/* Begin PBXTargetDependency section */
		16804E7B1B6EAB7D00301930 /* PBXTargetDependency */ = {
			isa = PBXTargetDependency;
			target = 16804E6C1B6EAB7D00301930 /* PFHSlugID */;
			targetProxy = 16804E7A1B6EAB7D00301930 /* PBXContainerItemProxy */;
		};
/* End PBXTargetDependency section */

/* Begin XCBuildConfiguration section */
		16804E7F1B6EAB7D00301930 /* Debug */ = {
			isa = XCBuildConfiguration;
			buildSettings = {
				ALWAYS_SEARCH_USER_PATHS = NO;
				CLANG_CXX_LANGUAGE_STANDARD = "gnu++0x";
				CLANG_CXX_LIBRARY = "libc++";
				CLANG_ENABLE_MODULES = YES;
				CLANG_ENABLE_OBJC_ARC = YES;
				CLANG_WARN_BOOL_CONVERSION = YES;
				CLANG_WARN_CONSTANT_CONVERSION = YES;
				CLANG_WARN_DIRECT_OBJC_ISA_USAGE = YES_ERROR;
				CLANG_WARN_EMPTY_BODY = YES;
				CLANG_WARN_ENUM_CONVERSION = YES;
				CLANG_WARN_INT_CONVERSION = YES;
				CLANG_WARN_OBJC_ROOT_CLASS = YES_ERROR;
				CLANG_WARN_UNREACHABLE_CODE = YES;
				CLANG_WARN__DUPLICATE_METHOD_MATCH = YES;
				COPY_PHASE_STRIP = NO;
				DEBUG_INFORMATION_FORMAT = "dwarf-with-dsym";
				ENABLE_STRICT_OBJC_MSGSEND = YES;
				GCC_C_LANGUAGE_STANDARD = gnu99;
				GCC_DYNAMIC_NO_PIC = NO;
				GCC_NO_COMMON_BLOCKS = YES;
				GCC_OPTIMIZATION_LEVEL = 0;
				GCC_PREPROCESSOR_DEFINITIONS = (
					"DEBUG=1",
					"$(inherited)",
				);
				GCC_SYMBOLS_PRIVATE_EXTERN = NO;
				GCC_WARN_64_TO_32_BIT_CONVERSION = YES;
				GCC_WARN_ABOUT_RETURN_TYPE = YES_ERROR;
				GCC_WARN_UNDECLARED_SELECTOR = YES;
				GCC_WARN_UNINITIALIZED_AUTOS = YES_AGGRESSIVE;
				GCC_WARN_UNUSED_FUNCTION = YES;
				GCC_WARN_UNUSED_VARIABLE = YES;
				IPHONEOS_DEPLOYMENT_TARGET = 8.4;
				MTL_ENABLE_DEBUG_INFO = YES;
				ONLY_ACTIVE_ARCH = YES;
				SDKROOT = iphoneos;
			};
			name = Debug;
		};
		16804E801B6EAB7D00301930 /* Release */ = {
			isa = XCBuildConfiguration;
			buildSettings = {
				ALWAYS_SEARCH_USER_PATHS = NO;
				CLANG_CXX_LANGUAGE_STANDARD = "gnu++0x";
				CLANG_CXX_LIBRARY = "libc++";
				CLANG_ENABLE_MODULES = YES;
				CLANG_ENABLE_OBJC_ARC = YES;
				CLANG_WARN_BOOL_CONVERSION = YES;
				CLANG_WARN_CONSTANT_CONVERSION = YES;
				CLANG_WARN_DIRECT_OBJC_ISA_USAGE = YES_ERROR;
				CLANG_WARN_EMPTY_BODY = YES;
				CLANG_WARN_ENUM_CONVERSION = YES;
				CLANG_WARN_INT_CONVERSION = YES;
				CLANG_WARN_OBJC_ROOT_CLASS = YES_ERROR;
				CLANG_WARN_UNREACHABLE_CODE = YES;
				CLANG_WARN__DUPLICATE_METHOD_MATCH = YES;
				COPY_PHASE_STRIP = NO;
				DEBUG_INFORMATION_FORMAT = "dwarf-with-dsym";
				ENABLE_NS_ASSERTIONS = NO;
				ENABLE_STRICT_OBJC_MSGSEND = YES;
				GCC_C_LANGUAGE_STANDARD = gnu99;
				GCC_NO_COMMON_BLOCKS = YES;
				GCC_WARN_64_TO_32_BIT_CONVERSION = YES;
				GCC_WARN_ABOUT_RETURN_TYPE = YES_ERROR;
				GCC_WARN_UNDECLARED_SELECTOR = YES;
				GCC_WARN_UNINITIALIZED_AUTOS = YES_AGGRESSIVE;
				GCC_WARN_UNUSED_FUNCTION = YES;
				GCC_WARN_UNUSED_VARIABLE = YES;
				IPHONEOS_DEPLOYMENT_TARGET = 8.4;
				MTL_ENABLE_DEBUG_INFO = NO;
				SDKROOT = iphoneos;
				VALIDATE_PRODUCT = YES;
			};
			name = Release;
		};
		16804E821B6EAB7D00301930 /* Debug */ = {
			isa = XCBuildConfiguration;
			buildSettings = {
				OTHER_LDFLAGS = "-ObjC";
				PRODUCT_NAME = "$(TARGET_NAME)";
				SKIP_INSTALL = YES;
			};
			name = Debug;
		};
		16804E831B6EAB7D00301930 /* Release */ = {
			isa = XCBuildConfiguration;
			buildSettings = {
				OTHER_LDFLAGS = "-ObjC";
				PRODUCT_NAME = "$(TARGET_NAME)";
				SKIP_INSTALL = YES;
			};
			name = Release;
		};
		16804E851B6EAB7D00301930 /* Debug */ = {
			isa = XCBuildConfiguration;
			buildSettings = {
				"CODE_SIGN_IDENTITY[sdk=iphoneos*]" = "iPhone Developer";
				FRAMEWORK_SEARCH_PATHS = (
					"$(SDKROOT)/Developer/Library/Frameworks",
					"$(inherited)",
				);
				GCC_PREPROCESSOR_DEFINITIONS = (
					"DEBUG=1",
					"$(inherited)",
				);
				INFOPLIST_FILE = PFHSlugIDTests/Info.plist;
				LD_RUNPATH_SEARCH_PATHS = "$(inherited) @executable_path/Frameworks @loader_path/Frameworks";
				PRODUCT_NAME = "$(TARGET_NAME)";
			};
			name = Debug;
		};
		16804E861B6EAB7D00301930 /* Release */ = {
			isa = XCBuildConfiguration;
			buildSettings = {
				"CODE_SIGN_IDENTITY[sdk=iphoneos*]" = "iPhone Developer";
				FRAMEWORK_SEARCH_PATHS = (
					"$(SDKROOT)/Developer/Library/Frameworks",
					"$(inherited)",
				);
				INFOPLIST_FILE = PFHSlugIDTests/Info.plist;
				LD_RUNPATH_SEARCH_PATHS = "$(inherited) @executable_path/Frameworks @loader_path/Frameworks";
				PRODUCT_NAME = "$(TARGET_NAME)";
			};
			name = Release;
		};
/* End XCBuildConfiguration section */

/* Begin XCConfigurationList section */
		16804E681B6EAB7D00301930 /* Build configuration list for PBXProject "PFHSlugID" */ = {
			isa = XCConfigurationList;
			buildConfigurations = (
				16804E7F1B6EAB7D00301930 /* Debug */,
				16804E801B6EAB7D00301930 /* Release */,
			);
			defaultConfigurationIsVisible = 0;
			defaultConfigurationName = Release;
		};
		16804E811B6EAB7D00301930 /* Build configuration list for PBXNativeTarget "PFHSlugID" */ = {
			isa = XCConfigurationList;
			buildConfigurations = (
				16804E821B6EAB7D00301930 /* Debug */,
				16804E831B6EAB7D00301930 /* Release */,
			);
			defaultConfigurationIsVisible = 0;
			defaultConfigurationName = Release;
		};
		16804E841B6EAB7D00301930 /* Build configuration list for PBXNativeTarget "PFHSlugIDTests" */ = {
			isa = XCConfigurationList;
			buildConfigurations = (
				16804E851B6EAB7D00301930 /* Debug */,
				16804E861B6EAB7D00301930 /* Release */,
			);
			defaultConfigurationIsVisible = 0;
			defaultConfigurationName = Release;
		};
/* End XCConfigurationList section */
	};
	rootObject = 16804E651B6EAB7D00301930 /* Project object */;
}
